// !$*UTF8*$!
{
	archiveVersion = 1;
	classes = {
	};
	objectVersion = 77;
	objects = {

/* Begin PBXBuildFile section */
		06A023D12F3E406A008564C0 /* notifications.appex in Embed Foundation Extensions */ = {isa = PBXBuildFile; fileRef = 06A023CA2F3E406A008564C0 /* notifications.appex */; settings = {ATTRIBUTES = (RemoveHeadersOnCopy, ); }; };
/* End PBXBuildFile section */

/* Begin PBXContainerItemProxy section */
		06A023CF2F3E406A008564C0 /* PBXContainerItemProxy */ = {
			isa = PBXContainerItemProxy;
			containerPortal = 06E99BD82F327511007D5038 /* Project object */;
			proxyType = 1;
			remoteGlobalIDString = 06A023C92F3E406A008564C0;
			remoteInfo = notifications;
		};
		06E99BEE2F327513007D5038 /* PBXContainerItemProxy */ = {
			isa = PBXContainerItemProxy;
			containerPortal = 06E99BD82F327511007D5038 /* Project object */;
			proxyType = 1;
			remoteGlobalIDString = 06E99BDF2F327511007D5038;
			remoteInfo = ArctiLab;
		};
		06E99BF82F327513007D5038 /* PBXContainerItemProxy */ = {
			isa = PBXContainerItemProxy;
			containerPortal = 06E99BD82F327511007D5038 /* Project object */;
			proxyType = 1;
			remoteGlobalIDString = 06E99BDF2F327511007D5038;
			remoteInfo = HobbyLab;
		};
/* End PBXContainerItemProxy section */

/* Begin PBXCopyFilesBuildPhase section */
		06A023D22F3E406A008564C0 /* Embed Foundation Extensions */ = {
			isa = PBXCopyFilesBuildPhase;
			buildActionMask = 2147483647;
			dstPath = "";
			dstSubfolderSpec = 13;
			files = (
				06A023D12F3E406A008564C0 /* notifications.appex in Embed Foundation Extensions */,
			);
			name = "Embed Foundation Extensions";
			runOnlyForDeploymentPostprocessing = 0;
		};
/* End PBXCopyFilesBuildPhase section */

/* Begin PBXFileReference section */
		06557C822F3D5AE900593F63 /* HobbyLab.xcodeproj */ = {isa = PBXFileReference; lastKnownFileType = "wrapper.pb-project"; path = HobbyLab.xcodeproj; sourceTree = "<group>"; };
		0673401A2F3A784300ADC743 /* HobbyLab.xcodeproj */ = {isa = PBXFileReference; lastKnownFileType = "wrapper.pb-project"; path = HobbyLab.xcodeproj; sourceTree = "<group>"; };
		06A023982F3E3CDD008564C0 /* HobbyLab.xcodeproj */ = {isa = PBXFileReference; lastKnownFileType = "wrapper.pb-project"; path = HobbyLab.xcodeproj; sourceTree = "<group>"; };
		06A023CA2F3E406A008564C0 /* notifications.appex */ = {isa = PBXFileReference; explicitFileType = "wrapper.app-extension"; includeInIndex = 0; path = notifications.appex; sourceTree = BUILT_PRODUCTS_DIR; };
		06E99BE02F327511007D5038 /* ArctiLab.app */ = {isa = PBXFileReference; explicitFileType = wrapper.application; includeInIndex = 0; path = ArctiLab.app; sourceTree = BUILT_PRODUCTS_DIR; };
		06E99BED2F327513007D5038 /* ArctiLabTests.xctest */ = {isa = PBXFileReference; explicitFileType = wrapper.cfbundle; includeInIndex = 0; path = ArctiLabTests.xctest; sourceTree = BUILT_PRODUCTS_DIR; };
		06E99BF72F327513007D5038 /* ArctiLabUITests.xctest */ = {isa = PBXFileReference; explicitFileType = wrapper.cfbundle; includeInIndex = 0; path = ArctiLabUITests.xctest; sourceTree = BUILT_PRODUCTS_DIR; };
		06E99DCA2F328BB4007D5038 /* HobbyLab.xcodeproj */ = {isa = PBXFileReference; lastKnownFileType = "wrapper.pb-project"; path = HobbyLab.xcodeproj; sourceTree = "<group>"; };
/* End PBXFileReference section */

/* Begin PBXFileSystemSynchronizedBuildFileExceptionSet section */
		06A023D52F3E406A008564C0 /* Exceptions for "notifications" folder in "notifications" target */ = {
			isa = PBXFileSystemSynchronizedBuildFileExceptionSet;
			membershipExceptions = (
				Info.plist,
			);
			target = 06A023C92F3E406A008564C0 /* notifications */;
		};
/* End PBXFileSystemSynchronizedBuildFileExceptionSet section */

/* Begin PBXFileSystemSynchronizedRootGroup section */
		06A023CB2F3E406A008564C0 /* notifications */ = {
			isa = PBXFileSystemSynchronizedRootGroup;
			exceptions = (
				06A023D52F3E406A008564C0 /* Exceptions for "notifications" folder in "notifications" target */,
			);
			path = notifications;
			sourceTree = "<group>";
		};
		06E99BE22F327511007D5038 /* . */ = {
			isa = PBXFileSystemSynchronizedRootGroup;
			path = .;
			sourceTree = "<group>";
		};
		06E99BF02F327513007D5038 /* HobbyLabTests */ = {
			isa = PBXFileSystemSynchronizedRootGroup;
			path = HobbyLabTests;
			sourceTree = "<group>";
		};
		06E99BFA2F327513007D5038 /* HobbyLabUITests */ = {
			isa = PBXFileSystemSynchronizedRootGroup;
			path = HobbyLabUITests;
			sourceTree = "<group>";
		};
/* End PBXFileSystemSynchronizedRootGroup section */

/* Begin PBXFrameworksBuildPhase section */
		06A023C72F3E406A008564C0 /* Frameworks */ = {
			isa = PBXFrameworksBuildPhase;
			buildActionMask = 2147483647;
			files = (
			);
			runOnlyForDeploymentPostprocessing = 0;
		};
		06E99BDD2F327511007D5038 /* Frameworks */ = {
			isa = PBXFrameworksBuildPhase;
			buildActionMask = 2147483647;
			files = (
			);
			runOnlyForDeploymentPostprocessing = 0;
		};
		06E99BEA2F327513007D5038 /* Frameworks */ = {
			isa = PBXFrameworksBuildPhase;
			buildActionMask = 2147483647;
			files = (
			);
			runOnlyForDeploymentPostprocessing = 0;
		};
		06E99BF42F327513007D5038 /* Frameworks */ = {
			isa = PBXFrameworksBuildPhase;
			buildActionMask = 2147483647;
			files = (
			);
			runOnlyForDeploymentPostprocessing = 0;
		};
/* End PBXFrameworksBuildPhase section */

/* Begin PBXGroup section */
		06557C852F3D5AE900593F63 /* Products */ = {
			isa = PBXGroup;
			name = Products;
			sourceTree = "<group>";
		};
		0673401D2F3A784300ADC743 /* Products */ = {
			isa = PBXGroup;
			name = Products;
			sourceTree = "<group>";
		};
		06A0239C2F3E3CDD008564C0 /* Products */ = {
			isa = PBXGroup;
			name = Products;
			sourceTree = "<group>";
		};
		06E99BD72F327511007D5038 = {
			isa = PBXGroup;
			children = (
				06E99BE22F327511007D5038 /* . */,
				06E99BF02F327513007D5038 /* HobbyLabTests */,
				06E99BFA2F327513007D5038 /* HobbyLabUITests */,
				06A023CB2F3E406A008564C0 /* notifications */,
				06E99BE12F327511007D5038 /* Products */,
			);
			sourceTree = "<group>";
		};
		06E99BE12F327511007D5038 /* Products */ = {
			isa = PBXGroup;
			children = (
				06E99BE02F327511007D5038 /* ArctiLab.app */,
				06E99BED2F327513007D5038 /* ArctiLabTests.xctest */,
				06E99BF72F327513007D5038 /* ArctiLabUITests.xctest */,
				06A023CA2F3E406A008564C0 /* notifications.appex */,
			);
			name = Products;
			sourceTree = "<group>";
		};
		06E99DCD2F328BB4007D5038 /* Products */ = {
			isa = PBXGroup;
			name = Products;
			sourceTree = "<group>";
		};
/* End PBXGroup section */

/* Begin PBXNativeTarget section */
		06A023C92F3E406A008564C0 /* notifications */ = {
			isa = PBXNativeTarget;
			buildConfigurationList = 06A023D62F3E406A008564C0 /* Build configuration list for PBXNativeTarget "notifications" */;
			buildPhases = (
				06A023C62F3E406A008564C0 /* Sources */,
				06A023C72F3E406A008564C0 /* Frameworks */,
				06A023C82F3E406A008564C0 /* Resources */,
			);
			buildRules = (
			);
			dependencies = (
			);
			fileSystemSynchronizedGroups = (
				06A023CB2F3E406A008564C0 /* notifications */,
			);
			name = notifications;
			packageProductDependencies = (
			);
			productName = notifications;
			productReference = 06A023CA2F3E406A008564C0 /* notifications.appex */;
			productType = "com.apple.product-type.app-extension";
		};
		06E99BDF2F327511007D5038 /* ArctiLab */ = {
			isa = PBXNativeTarget;
			buildConfigurationList = 06E99C012F327513007D5038 /* Build configuration list for PBXNativeTarget "ArctiLab" */;
			buildPhases = (
				06E99BDC2F327511007D5038 /* Sources */,
				06E99BDD2F327511007D5038 /* Frameworks */,
				06E99BDE2F327511007D5038 /* Resources */,
				06A023D22F3E406A008564C0 /* Embed Foundation Extensions */,
			);
			buildRules = (
			);
			dependencies = (
				06A023D02F3E406A008564C0 /* PBXTargetDependency */,
			);
			fileSystemSynchronizedGroups = (
				06E99BE22F327511007D5038 /* . */,
			);
			name = ArctiLab;
			packageProductDependencies = (
			);
			productName = ArctiLab;
			productReference = 06E99BE02F327511007D5038 /* ArctiLab.app */;
			productType = "com.apple.product-type.application";
		};
		06E99BEC2F327513007D5038 /* ArctiLabTests */ = {
			isa = PBXNativeTarget;
			buildConfigurationList = 06E99C042F327513007D5038 /* Build configuration list for PBXNativeTarget "ArctiLabTests" */;
			buildPhases = (
				06E99BE92F327513007D5038 /* Sources */,
				06E99BEA2F327513007D5038 /* Frameworks */,
				06E99BEB2F327513007D5038 /* Resources */,
			);
			buildRules = (
			);
			dependencies = (
				06E99BEF2F327513007D5038 /* PBXTargetDependency */,
			);
			fileSystemSynchronizedGroups = (
				06E99BF02F327513007D5038 /* HobbyLabTests */,
			);
			name = ArctiLabTests;
			packageProductDependencies = (
			);
			productName = ArctiLabTests;
			productReference = 06E99BED2F327513007D5038 /* ArctiLabTests.xctest */;
			productType = "com.apple.product-type.bundle.unit-test";
		};
		06E99BF62F327513007D5038 /* ArctiLabUITests */ = {
			isa = PBXNativeTarget;
			buildConfigurationList = 06E99C072F327513007D5038 /* Build configuration list for PBXNativeTarget "ArctiLabUITests" */;
			buildPhases = (
				06E99BF32F327513007D5038 /* Sources */,
				06E99BF42F327513007D5038 /* Frameworks */,
				06E99BF52F327513007D5038 /* Resources */,
			);
			buildRules = (
			);
			dependencies = (
				06E99BF92F327513007D5038 /* PBXTargetDependency */,
			);
			fileSystemSynchronizedGroups = (
				06E99BFA2F327513007D5038 /* HobbyLabUITests */,
			);
			name = ArctiLabUITests;
			packageProductDependencies = (
			);
			productName = ArctiLabUITests;
			productReference = 06E99BF72F327513007D5038 /* ArctiLabUITests.xctest */;
			productType = "com.apple.product-type.bundle.ui-testing";
		};
/* End PBXNativeTarget section */

/* Begin PBXProject section */
		06E99BD82F327511007D5038 /* Project object */ = {
			isa = PBXProject;
			attributes = {
				BuildIndependentTargetsInParallel = 1;
				LastSwiftUpdateCheck = 1640;
				LastUpgradeCheck = 1640;
				TargetAttributes = {
					06A023C92F3E406A008564C0 = {
						CreatedOnToolsVersion = 16.4;
					};
					06E99BDF2F327511007D5038 = {
						CreatedOnToolsVersion = 16.4;
					};
					06E99BEC2F327513007D5038 = {
						CreatedOnToolsVersion = 16.4;
						TestTargetID = 06E99BDF2F327511007D5038;
					};
					06E99BF62F327513007D5038 = {
						CreatedOnToolsVersion = 16.4;
						TestTargetID = 06E99BDF2F327511007D5038;
					};
				};
			};
			buildConfigurationList = 06E99BDB2F327511007D5038 /* Build configuration list for PBXProject "HobbyLab" */;
			developmentRegion = en;
			hasScannedForEncodings = 0;
			knownRegions = (
				en,
				Base,
			);
			mainGroup = 06E99BD72F327511007D5038;
			minimizedProjectReferenceProxies = 1;
			preferredProjectObjectVersion = 77;
			productRefGroup = 06E99BE12F327511007D5038 /* Products */;
			projectDirPath = "";
			projectReferences = (
				{
					ProductGroup = 06E99DCD2F328BB4007D5038 /* Products */;
					ProjectRef = 06E99DCA2F328BB4007D5038 /* HobbyLab.xcodeproj */;
				},
				{
					ProductGroup = 0673401D2F3A784300ADC743 /* Products */;
					ProjectRef = 0673401A2F3A784300ADC743 /* HobbyLab.xcodeproj */;
				},
				{
					ProductGroup = 06557C852F3D5AE900593F63 /* Products */;
					ProjectRef = 06557C822F3D5AE900593F63 /* HobbyLab.xcodeproj */;
				},
				{
					ProductGroup = 06A0239C2F3E3CDD008564C0 /* Products */;
					ProjectRef = 06A023982F3E3CDD008564C0 /* HobbyLab.xcodeproj */;
				},
			);
			projectRoot = "";
			targets = (
				06E99BDF2F327511007D5038 /* ArctiLab */,
				06E99BEC2F327513007D5038 /* ArctiLabTests */,
				06E99BF62F327513007D5038 /* ArctiLabUITests */,
				06A023C92F3E406A008564C0 /* notifications */,
			);
		};
/* End PBXProject section */

/* Begin PBXResourcesBuildPhase section */
		06A023C82F3E406A008564C0 /* Resources */ = {
			isa = PBXResourcesBuildPhase;
			buildActionMask = 2147483647;
			files = (
			);
			runOnlyForDeploymentPostprocessing = 0;
		};
		06E99BDE2F327511007D5038 /* Resources */ = {
			isa = PBXResourcesBuildPhase;
			buildActionMask = 2147483647;
			files = (
			);
			runOnlyForDeploymentPostprocessing = 0;
		};
		06E99BEB2F327513007D5038 /* Resources */ = {
			isa = PBXResourcesBuildPhase;
			buildActionMask = 2147483647;
			files = (
			);
			runOnlyForDeploymentPostprocessing = 0;
		};
		06E99BF52F327513007D5038 /* Resources */ = {
			isa = PBXResourcesBuildPhase;
			buildActionMask = 2147483647;
			files = (
			);
			runOnlyForDeploymentPostprocessing = 0;
		};
/* End PBXResourcesBuildPhase section */

/* Begin PBXSourcesBuildPhase section */
		06A023C62F3E406A008564C0 /* Sources */ = {
			isa = PBXSourcesBuildPhase;
			buildActionMask = 2147483647;
			files = (
			);
			runOnlyForDeploymentPostprocessing = 0;
		};
		06E99BDC2F327511007D5038 /* Sources */ = {
			isa = PBXSourcesBuildPhase;
			buildActionMask = 2147483647;
			files = (
			);
			runOnlyForDeploymentPostprocessing = 0;
		};
		06E99BE92F327513007D5038 /* Sources */ = {
			isa = PBXSourcesBuildPhase;
			buildActionMask = 2147483647;
			files = (
			);
			runOnlyForDeploymentPostprocessing = 0;
		};
		06E99BF32F327513007D5038 /* Sources */ = {
			isa = PBXSourcesBuildPhase;
			buildActionMask = 2147483647;
			files = (
			);
			runOnlyForDeploymentPostprocessing = 0;
		};
/* End PBXSourcesBuildPhase section */

/* Begin PBXTargetDependency section */
		06A023D02F3E406A008564C0 /* PBXTargetDependency */ = {
			isa = PBXTargetDependency;
			target = 06A023C92F3E406A008564C0 /* notifications */;
			targetProxy = 06A023CF2F3E406A008564C0 /* PBXContainerItemProxy */;
		};
		06E99BEF2F327513007D5038 /* PBXTargetDependency */ = {
			isa = PBXTargetDependency;
			target = 06E99BDF2F327511007D5038 /* ArctiLab */;
			targetProxy = 06E99BEE2F327513007D5038 /* PBXContainerItemProxy */;
		};
		06E99BF92F327513007D5038 /* PBXTargetDependency */ = {
			isa = PBXTargetDependency;
			target = 06E99BDF2F327511007D5038 /* ArctiLab */;
			targetProxy = 06E99BF82F327513007D5038 /* PBXContainerItemProxy */;
		};
/* End PBXTargetDependency section */

/* Begin XCBuildConfiguration section */
		06A023D32F3E406A008564C0 /* Debug */ = {
			isa = XCBuildConfiguration;
			buildSettings = {
				CODE_SIGN_ENTITLEMENTS = notifications/notifications.entitlements;
				CODE_SIGN_STYLE = Manual;
				CURRENT_PROJECT_VERSION = 1;
				DEVELOPMENT_TEAM = "";
				GENERATE_INFOPLIST_FILE = YES;
				INFOPLIST_FILE = notifications/Info.plist;
				INFOPLIST_KEY_CFBundleDisplayName = notifications;
				INFOPLIST_KEY_NSHumanReadableCopyright = "";
				IPHONEOS_DEPLOYMENT_TARGET = 17.0;
				LD_RUNPATH_SEARCH_PATHS = (
					"$(inherited)",
					"@executable_path/Frameworks",
					"@executable_path/../../Frameworks",
				);
				MARKETING_VERSION = 1.0;
				PRODUCT_BUNDLE_IDENTIFIER = com.darrell.arctilab.notifications;
				PRODUCT_NAME = "$(TARGET_NAME)";
				PROVISIONING_PROFILE_SPECIFIER = "";
				SKIP_INSTALL = YES;
				SUPPORTED_PLATFORMS = "iphoneos iphonesimulator";
				SUPPORTS_MACCATALYST = NO;
				SUPPORTS_MAC_DESIGNED_FOR_IPHONE_IPAD = NO;
				SUPPORTS_XR_DESIGNED_FOR_IPHONE_IPAD = NO;
				SWIFT_EMIT_LOC_STRINGS = YES;
				SWIFT_VERSION = 5.0;
				TARGETED_DEVICE_FAMILY = 1;
			};
			name = Debug;
		};
		06A023D42F3E406A008564C0 /* Release */ = {
			isa = XCBuildConfiguration;
			buildSettings = {
				CODE_SIGN_ENTITLEMENTS = notifications/notifications.entitlements;
				CODE_SIGN_STYLE = Manual;
				CURRENT_PROJECT_VERSION = 1;
				DEVELOPMENT_TEAM = "";
				GENERATE_INFOPLIST_FILE = YES;
				INFOPLIST_FILE = notifications/Info.plist;
				INFOPLIST_KEY_CFBundleDisplayName = notifications;
				INFOPLIST_KEY_NSHumanReadableCopyright = "";
				IPHONEOS_DEPLOYMENT_TARGET = 17.0;
				LD_RUNPATH_SEARCH_PATHS = (
					"$(inherited)",
					"@executable_path/Frameworks",
					"@executable_path/../../Frameworks",
				);
				MARKETING_VERSION = 1.0;
				PRODUCT_BUNDLE_IDENTIFIER = com.darrell.arctilab.notifications;
				PRODUCT_NAME = "$(TARGET_NAME)";
				PROVISIONING_PROFILE_SPECIFIER = "";
				SKIP_INSTALL = YES;
				SUPPORTED_PLATFORMS = "iphoneos iphonesimulator";
				SUPPORTS_MACCATALYST = NO;
				SUPPORTS_MAC_DESIGNED_FOR_IPHONE_IPAD = NO;
				SUPPORTS_XR_DESIGNED_FOR_IPHONE_IPAD = NO;
				SWIFT_EMIT_LOC_STRINGS = YES;
				SWIFT_VERSION = 5.0;
				TARGETED_DEVICE_FAMILY = 1;
			};
			name = Release;
		};
		06E99BFF2F327513007D5038 /* Debug */ = {
			isa = XCBuildConfiguration;
			buildSettings = {
				ALWAYS_SEARCH_USER_PATHS = NO;
				ASSETCATALOG_COMPILER_GENERATE_SWIFT_ASSET_SYMBOL_EXTENSIONS = YES;
				CLANG_ANALYZER_NONNULL = YES;
				CLANG_ANALYZER_NUMBER_OBJECT_CONVERSION = YES_AGGRESSIVE;
				CLANG_CXX_LANGUAGE_STANDARD = "gnu++20";
				CLANG_ENABLE_MODULES = YES;
				CLANG_ENABLE_OBJC_ARC = YES;
				CLANG_ENABLE_OBJC_WEAK = YES;
				CLANG_WARN_BLOCK_CAPTURE_AUTORELEASING = YES;
				CLANG_WARN_BOOL_CONVERSION = YES;
				CLANG_WARN_COMMA = YES;
				CLANG_WARN_CONSTANT_CONVERSION = YES;
				CLANG_WARN_DEPRECATED_OBJC_IMPLEMENTATIONS = YES;
				CLANG_WARN_DIRECT_OBJC_ISA_USAGE = YES_ERROR;
				CLANG_WARN_DOCUMENTATION_COMMENTS = YES;
				CLANG_WARN_EMPTY_BODY = YES;
				CLANG_WARN_ENUM_CONVERSION = YES;
				CLANG_WARN_INFINITE_RECURSION = YES;
				CLANG_WARN_INT_CONVERSION = YES;
				CLANG_WARN_NON_LITERAL_NULL_CONVERSION = YES;
				CLANG_WARN_OBJC_IMPLICIT_RETAIN_SELF = YES;
				CLANG_WARN_OBJC_LITERAL_CONVERSION = YES;
				CLANG_WARN_OBJC_ROOT_CLASS = YES_ERROR;
				CLANG_WARN_QUOTED_INCLUDE_IN_FRAMEWORK_HEADER = YES;
				CLANG_WARN_RANGE_LOOP_ANALYSIS = YES;
				CLANG_WARN_STRICT_PROTOTYPES = YES;
				CLANG_WARN_SUSPICIOUS_MOVE = YES;
				CLANG_WARN_UNGUARDED_AVAILABILITY = YES_AGGRESSIVE;
				CLANG_WARN_UNREACHABLE_CODE = YES;
				CLANG_WARN__DUPLICATE_METHOD_MATCH = YES;
				COPY_PHASE_STRIP = NO;
				DEBUG_INFORMATION_FORMAT = dwarf;
				ENABLE_STRICT_OBJC_MSGSEND = YES;
				ENABLE_TESTABILITY = YES;
				ENABLE_USER_SCRIPT_SANDBOXING = YES;
				GCC_C_LANGUAGE_STANDARD = gnu17;
				GCC_DYNAMIC_NO_PIC = NO;
				GCC_NO_COMMON_BLOCKS = YES;
				GCC_OPTIMIZATION_LEVEL = 0;
				GCC_PREPROCESSOR_DEFINITIONS = (
					"DEBUG=1",
					"$(inherited)",
				);
				GCC_WARN_64_TO_32_BIT_CONVERSION = YES;
				GCC_WARN_ABOUT_RETURN_TYPE = YES_ERROR;
				GCC_WARN_UNDECLARED_SELECTOR = YES;
				GCC_WARN_UNINITIALIZED_AUTOS = YES_AGGRESSIVE;
				GCC_WARN_UNUSED_FUNCTION = YES;
				GCC_WARN_UNUSED_VARIABLE = YES;
				IPHONEOS_DEPLOYMENT_TARGET = 18.5;
				LOCALIZATION_PREFERS_STRING_CATALOGS = YES;
				MTL_ENABLE_DEBUG_INFO = INCLUDE_SOURCE;
				MTL_FAST_MATH = YES;
				ONLY_ACTIVE_ARCH = YES;
				SDKROOT = iphoneos;
				SWIFT_ACTIVE_COMPILATION_CONDITIONS = "DEBUG $(inherited)";
				SWIFT_OPTIMIZATION_LEVEL = "-Onone";
			};
			name = Debug;
		};
		06E99C002F327513007D5038 /* Release */ = {
			isa = XCBuildConfiguration;
			buildSettings = {
				ALWAYS_SEARCH_USER_PATHS = NO;
				ASSETCATALOG_COMPILER_GENERATE_SWIFT_ASSET_SYMBOL_EXTENSIONS = YES;
				CLANG_ANALYZER_NONNULL = YES;
				CLANG_ANALYZER_NUMBER_OBJECT_CONVERSION = YES_AGGRESSIVE;
				CLANG_CXX_LANGUAGE_STANDARD = "gnu++20";
				CLANG_ENABLE_MODULES = YES;
				CLANG_ENABLE_OBJC_ARC = YES;
				CLANG_ENABLE_OBJC_WEAK = YES;
				CLANG_WARN_BLOCK_CAPTURE_AUTORELEASING = YES;
				CLANG_WARN_BOOL_CONVERSION = YES;
				CLANG_WARN_COMMA = YES;
				CLANG_WARN_CONSTANT_CONVERSION = YES;
				CLANG_WARN_DEPRECATED_OBJC_IMPLEMENTATIONS = YES;
				CLANG_WARN_DIRECT_OBJC_ISA_USAGE = YES_ERROR;
				CLANG_WARN_DOCUMENTATION_COMMENTS = YES;
				CLANG_WARN_EMPTY_BODY = YES;
				CLANG_WARN_ENUM_CONVERSION = YES;
				CLANG_WARN_INFINITE_RECURSION = YES;
				CLANG_WARN_INT_CONVERSION = YES;
				CLANG_WARN_NON_LITERAL_NULL_CONVERSION = YES;
				CLANG_WARN_OBJC_IMPLICIT_RETAIN_SELF = YES;
				CLANG_WARN_OBJC_LITERAL_CONVERSION = YES;
				CLANG_WARN_OBJC_ROOT_CLASS = YES_ERROR;
				CLANG_WARN_QUOTED_INCLUDE_IN_FRAMEWORK_HEADER = YES;
				CLANG_WARN_RANGE_LOOP_ANALYSIS = YES;
				CLANG_WARN_STRICT_PROTOTYPES = YES;
				CLANG_WARN_SUSPICIOUS_MOVE = YES;
				CLANG_WARN_UNGUARDED_AVAILABILITY = YES_AGGRESSIVE;
				CLANG_WARN_UNREACHABLE_CODE = YES;
				CLANG_WARN__DUPLICATE_METHOD_MATCH = YES;
				COPY_PHASE_STRIP = NO;
				DEBUG_INFORMATION_FORMAT = "dwarf-with-dsym";
				ENABLE_NS_ASSERTIONS = NO;
				ENABLE_STRICT_OBJC_MSGSEND = YES;
				ENABLE_USER_SCRIPT_SANDBOXING = YES;
				GCC_C_LANGUAGE_STANDARD = gnu17;
				GCC_NO_COMMON_BLOCKS = YES;
				GCC_WARN_64_TO_32_BIT_CONVERSION = YES;
				GCC_WARN_ABOUT_RETURN_TYPE = YES_ERROR;
				GCC_WARN_UNDECLARED_SELECTOR = YES;
				GCC_WARN_UNINITIALIZED_AUTOS = YES_AGGRESSIVE;
				GCC_WARN_UNUSED_FUNCTION = YES;
				GCC_WARN_UNUSED_VARIABLE = YES;
				IPHONEOS_DEPLOYMENT_TARGET = 18.5;
				LOCALIZATION_PREFERS_STRING_CATALOGS = YES;
				MTL_ENABLE_DEBUG_INFO = NO;
				MTL_FAST_MATH = YES;
				SDKROOT = iphoneos;
				SWIFT_COMPILATION_MODE = wholemodule;
				VALIDATE_PRODUCT = YES;
			};
			name = Release;
		};
		06E99C022F327513007D5038 /* Debug */ = {
			isa = XCBuildConfiguration;
			buildSettings = {
				ASSETCATALOG_COMPILER_APPICON_NAME = AppIcon;
				ASSETCATALOG_COMPILER_GLOBAL_ACCENT_COLOR_NAME = AccentColor;
				CODE_SIGN_STYLE = Manual;
				CURRENT_PROJECT_VERSION = 1;
				DEVELOPMENT_TEAM = "";
				ENABLE_PREVIEWS = YES;
				ENABLE_USER_SCRIPT_SANDBOXING = NO;
				GENERATE_INFOPLIST_FILE = YES;
				INFOPLIST_KEY_CFBundleDisplayName = ArctiLab;
				INFOPLIST_KEY_UIApplicationSceneManifest_Generation = YES;
				INFOPLIST_KEY_UIApplicationSupportsIndirectInputEvents = YES;
				INFOPLIST_KEY_UILaunchScreen_Generation = YES;
				INFOPLIST_KEY_UISupportedInterfaceOrientations_iPad = "UIInterfaceOrientationPortrait UIInterfaceOrientationPortraitUpsideDown UIInterfaceOrientationLandscapeLeft UIInterfaceOrientationLandscapeRight";
				INFOPLIST_KEY_UISupportedInterfaceOrientations_iPhone = "UIInterfaceOrientationPortrait UIInterfaceOrientationLandscapeLeft UIInterfaceOrientationLandscapeRight";
				IPHONEOS_DEPLOYMENT_TARGET = 17.0;
				LD_RUNPATH_SEARCH_PATHS = (
					"$(inherited)",
					"@executable_path/Frameworks",
				);
				MARKETING_VERSION = 1.0;
				PRODUCT_BUNDLE_IDENTIFIER = com.darrell.arctilab;
				PRODUCT_NAME = "$(TARGET_NAME)";
				PROVISIONING_PROFILE_SPECIFIER = "";
				SUPPORTED_PLATFORMS = "iphoneos iphonesimulator";
				SUPPORTS_MACCATALYST = NO;
				SUPPORTS_MAC_DESIGNED_FOR_IPHONE_IPAD = NO;
				SUPPORTS_XR_DESIGNED_FOR_IPHONE_IPAD = NO;
				SWIFT_EMIT_LOC_STRINGS = YES;
				SWIFT_VERSION = 5.0;
				TARGETED_DEVICE_FAMILY = 1;
			};
			name = Debug;
		};
		06E99C032F327513007D5038 /* Release */ = {
			isa = XCBuildConfiguration;
			buildSettings = {
				ASSETCATALOG_COMPILER_APPICON_NAME = AppIcon;
				ASSETCATALOG_COMPILER_GLOBAL_ACCENT_COLOR_NAME = AccentColor;
				CODE_SIGN_STYLE = Manual;
				CURRENT_PROJECT_VERSION = 1;
				DEVELOPMENT_TEAM = "";
				ENABLE_PREVIEWS = YES;
				ENABLE_USER_SCRIPT_SANDBOXING = NO;
				GENERATE_INFOPLIST_FILE = YES;
				INFOPLIST_KEY_CFBundleDisplayName = ArctiLab;
				INFOPLIST_KEY_UIApplicationSceneManifest_Generation = YES;
				INFOPLIST_KEY_UIApplicationSupportsIndirectInputEvents = YES;
				INFOPLIST_KEY_UILaunchScreen_Generation = YES;
				INFOPLIST_KEY_UISupportedInterfaceOrientations_iPad = "UIInterfaceOrientationPortrait UIInterfaceOrientationPortraitUpsideDown UIInterfaceOrientationLandscapeLeft UIInterfaceOrientationLandscapeRight";
				INFOPLIST_KEY_UISupportedInterfaceOrientations_iPhone = "UIInterfaceOrientationPortrait UIInterfaceOrientationLandscapeLeft UIInterfaceOrientationLandscapeRight";
				IPHONEOS_DEPLOYMENT_TARGET = 17.0;
				LD_RUNPATH_SEARCH_PATHS = (
					"$(inherited)",
					"@executable_path/Frameworks",
				);
				MARKETING_VERSION = 1.0;
				PRODUCT_BUNDLE_IDENTIFIER = com.darrell.arctilab;
				PRODUCT_NAME = "$(TARGET_NAME)";
				PROVISIONING_PROFILE_SPECIFIER = "";
				SUPPORTED_PLATFORMS = "iphoneos iphonesimulator";
				SUPPORTS_MACCATALYST = NO;
				SUPPORTS_MAC_DESIGNED_FOR_IPHONE_IPAD = NO;
				SUPPORTS_XR_DESIGNED_FOR_IPHONE_IPAD = NO;
				SWIFT_EMIT_LOC_STRINGS = YES;
				SWIFT_VERSION = 5.0;
				TARGETED_DEVICE_FAMILY = 1;
			};
			name = Release;
		};
		06E99C052F327513007D5038 /* Debug */ = {
			isa = XCBuildConfiguration;
			buildSettings = {
				BUNDLE_LOADER = "$(TEST_HOST)";
				CODE_SIGN_STYLE = Automatic;
				CURRENT_PROJECT_VERSION = 1;
				GENERATE_INFOPLIST_FILE = YES;
				IPHONEOS_DEPLOYMENT_TARGET = 18.5;
				MARKETING_VERSION = 1.0;
				PRODUCT_BUNDLE_IDENTIFIER = com.arcti.ArctiLabTests;
				PRODUCT_NAME = "$(TARGET_NAME)";
				SWIFT_EMIT_LOC_STRINGS = NO;
				SWIFT_VERSION = 5.0;
				TARGETED_DEVICE_FAMILY = "1,2";
				TEST_HOST = "$(BUILT_PRODUCTS_DIR)/ArctiLab.app/$(BUNDLE_EXECUTABLE_FOLDER_PATH)/ArctiLab";
			};
			name = Debug;
		};
		06E99C062F327513007D5038 /* Release */ = {
			isa = XCBuildConfiguration;
			buildSettings = {
				BUNDLE_LOADER = "$(TEST_HOST)";
				CODE_SIGN_STYLE = Automatic;
				CURRENT_PROJECT_VERSION = 1;
				GENERATE_INFOPLIST_FILE = YES;
				IPHONEOS_DEPLOYMENT_TARGET = 18.5;
				MARKETING_VERSION = 1.0;
				PRODUCT_BUNDLE_IDENTIFIER = com.arcti.ArctiLabTests;
				PRODUCT_NAME = "$(TARGET_NAME)";
				SWIFT_EMIT_LOC_STRINGS = NO;
				SWIFT_VERSION = 5.0;
				TARGETED_DEVICE_FAMILY = "1,2";
				TEST_HOST = "$(BUILT_PRODUCTS_DIR)/ArctiLab.app/$(BUNDLE_EXECUTABLE_FOLDER_PATH)/ArctiLab";
			};
			name = Release;
		};
		06E99C082F327513007D5038 /* Debug */ = {
			isa = XCBuildConfiguration;
			buildSettings = {
				CODE_SIGN_STYLE = Automatic;
				CURRENT_PROJECT_VERSION = 1;
				GENERATE_INFOPLIST_FILE = YES;
				MARKETING_VERSION = 1.0;
				PRODUCT_BUNDLE_IDENTIFIER = com.arcti.ArctiLabUITests;
				PRODUCT_NAME = "$(TARGET_NAME)";
				SWIFT_EMIT_LOC_STRINGS = NO;
				SWIFT_VERSION = 5.0;
				TARGETED_DEVICE_FAMILY = "1,2";
				TEST_TARGET_NAME = ArctiLab;
			};
			name = Debug;
		};
		06E99C092F327513007D5038 /* Release */ = {
			isa = XCBuildConfiguration;
			buildSettings = {
				CODE_SIGN_STYLE = Automatic;
				CURRENT_PROJECT_VERSION = 1;
				GENERATE_INFOPLIST_FILE = YES;
				MARKETING_VERSION = 1.0;
				PRODUCT_BUNDLE_IDENTIFIER = com.arcti.ArctiLabUITests;
				PRODUCT_NAME = "$(TARGET_NAME)";
				SWIFT_EMIT_LOC_STRINGS = NO;
				SWIFT_VERSION = 5.0;
				TARGETED_DEVICE_FAMILY = "1,2";
				TEST_TARGET_NAME = ArctiLab;
			};
			name = Release;
		};
/* End XCBuildConfiguration section */

/* Begin XCConfigurationList section */
		06A023D62F3E406A008564C0 /* Build configuration list for PBXNativeTarget "notifications" */ = {
			isa = XCConfigurationList;
			buildConfigurations = (
				06A023D32F3E406A008564C0 /* Debug */,
				06A023D42F3E406A008564C0 /* Release */,
			);
			defaultConfigurationIsVisible = 0;
			defaultConfigurationName = Release;
		};
		06E99BDB2F327511007D5038 /* Build configuration list for PBXProject "HobbyLab" */ = {
			isa = XCConfigurationList;
			buildConfigurations = (
				06E99BFF2F327513007D5038 /* Debug */,
				06E99C002F327513007D5038 /* Release */,
			);
			defaultConfigurationIsVisible = 0;
			defaultConfigurationName = Release;
		};
		06E99C012F327513007D5038 /* Build configuration list for PBXNativeTarget "ArctiLab" */ = {
			isa = XCConfigurationList;
			buildConfigurations = (
				06E99C022F327513007D5038 /* Debug */,
				06E99C032F327513007D5038 /* Release */,
			);
			defaultConfigurationIsVisible = 0;
			defaultConfigurationName = Release;
		};
		06E99C042F327513007D5038 /* Build configuration list for PBXNativeTarget "ArctiLabTests" */ = {
			isa = XCConfigurationList;
			buildConfigurations = (
				06E99C052F327513007D5038 /* Debug */,
				06E99C062F327513007D5038 /* Release */,
			);
			defaultConfigurationIsVisible = 0;
			defaultConfigurationName = Release;
		};
		06E99C072F327513007D5038 /* Build configuration list for PBXNativeTarget "ArctiLabUITests" */ = {
			isa = XCConfigurationList;
			buildConfigurations = (
				06E99C082F327513007D5038 /* Debug */,
				06E99C092F327513007D5038 /* Release */,
			);
			defaultConfigurationIsVisible = 0;
			defaultConfigurationName = Release;
		};
/* End XCConfigurationList section */
	};
	rootObject = 06E99BD82F327511007D5038 /* Project object */;
}
